
Microsoft Visual Studio Solution File, Format Version 12.00
# Visual Studio Version 17
VisualStudioVersion = 17.13.35825.156
MinimumVisualStudioVersion = 10.0.40219.1
Project("{FAE04EC0-301F-11D3-BF4B-00C04F79EFBC}") = "Pattern01_AbstractFactory", "Pattern01_AbstractFactory\Pattern01_AbstractFactory.csproj", "{F6133F6B-199F-42AF-9899-F04903CD39C4}"
EndProject
Project("{FAE04EC0-301F-11D3-BF4B-00C04F79EFBC}") = "Real01_AbstractFactory", "Real01_AbstractFactory\Real01_AbstractFactory.csproj", "{F33054BC-6982-4D03-A22C-CB530FD40B62}"
EndProject
Project("{FAE04EC0-301F-11D3-BF4B-00C04F79EFBC}") = "Pattern02_Builder", "Pattern02_Builder\Pattern02_Builder.csproj", "{EF3A3359-AF82-40AD-BBA1-0657082A5B24}"
EndProject
Project("{FAE04EC0-301F-11D3-BF4B-00C04F79EFBC}") = "Real02_Builder", "Real02_Builder\Real02_Builder.csproj", "{1D33B045-A0B5-4571-8640-F45995E44387}"
EndProject
Project("{FAE04EC0-301F-11D3-BF4B-00C04F79EFBC}") = "Pattern03_FactoryMethod", "Pattern03_FactoryMethod\Pattern03_FactoryMethod.csproj", "{80800021-91DB-40DF-9D56-107182D679EE}"
EndProject
Project("{FAE04EC0-301F-11D3-BF4B-00C04F79EFBC}") = "Real03_FactoryMethod", "Real03_FactoryMethod\Real03_FactoryMethod.csproj", "{14B81615-3406-4200-8C4F-FD0CB745DA79}"
EndProject
Project("{FAE04EC0-301F-11D3-BF4B-00C04F79EFBC}") = "Pattern04_Prototype", "Pattern04_Prototype\Pattern04_Prototype.csproj", "{99BB299B-B0E8-42CC-A2D9-EB60FB07CCE2}"
EndProject
Project("{FAE04EC0-301F-11D3-BF4B-00C04F79EFBC}") = "Real04_Prototype", "Real04_Prototype\Real04_Prototype.csproj", "{E49A57B9-7427-47AD-91C7-C799F932F7AB}"
EndProject
Project("{FAE04EC0-301F-11D3-BF4B-00C04F79EFBC}") = "Pattern05_Singleton", "Pattern05_Singleton\Pattern05_Singleton.csproj", "{93ACB26E-1B97-4E2C-9777-FC44F4D3FFE0}"
EndProject
Project("{FAE04EC0-301F-11D3-BF4B-00C04F79EFBC}") = "Real05_Singleton", "Real05_Singleton\Real05_Singleton.csproj", "{E7AC3BCA-4609-42F8-B1DA-BC6FF175D9B3}"
EndProject
Project("{FAE04EC0-301F-11D3-BF4B-00C04F79EFBC}") = "MyReal01_AbstractFactory", "MyReal01_AbstractFactory\MyReal01_AbstractFactory.csproj", "{6CE94272-795F-4250-9202-CBAD77B10923}"
EndProject
Project("{2150E333-8FDC-42A3-9474-1A3956D46DE8}") = "AbstractFactory", "AbstractFactory", "{02EA681E-C7D8-13C7-8484-4AC65E1B71E8}"
EndProject
Project("{2150E333-8FDC-42A3-9474-1A3956D46DE8}") = "Builder", "Builder", "{F359EC6C-7AC7-4A71-9544-AA3841D35335}"
EndProject
Project("{2150E333-8FDC-42A3-9474-1A3956D46DE8}") = "FactoryMethod", "FactoryMethod", "{8032B92F-2FE8-48CC-821A-ADDE8F659B38}"
EndProject
Project("{FAE04EC0-301F-11D3-BF4B-00C04F79EFBC}") = "MyReal03_FactoryMethod", "MyReal02_FactoryMethod\MyReal03_FactoryMethod.csproj", "{CEC5C366-303A-4613-ADF0-9F808A662EC3}"
EndProject
Project("{FAE04EC0-301F-11D3-BF4B-00C04F79EFBC}") = "MyReal02_Builder", "MyReal02_Builder\MyReal02_Builder.csproj", "{E3187DA8-6180-4779-BF4B-C42C277EEE79}"
EndProject
Project("{2150E333-8FDC-42A3-9474-1A3956D46DE8}") = "Prototype", "Prototype", "{2D5EC5C3-8868-4D4E-BA61-A3EE55466DA8}"
EndProject
Project("{2150E333-8FDC-42A3-9474-1A3956D46DE8}") = "Singleton", "Singleton", "{4D46E9CD-CE07-47AB-94EE-42E23B78EFF3}"
EndProject
Project("{FAE04EC0-301F-11D3-BF4B-00C04F79EFBC}") = "MyReal04_Prototype", "MyReal04_Prototype\MyReal04_Prototype.csproj", "{76F9D1CD-D182-4C67-90E1-EA8FCB226F1E}"
EndProject
Project("{FAE04EC0-301F-11D3-BF4B-00C04F79EFBC}") = "MyReal05_Singleton", "MyReal05_Singleton\MyReal05_Singleton.csproj", "{69EF83AE-113C-4455-8152-0786F52F79BE}"
EndProject
Project("{2150E333-8FDC-42A3-9474-1A3956D46DE8}") = "Facade", "Facade", "{003A9CD7-A9D4-48D8-9CAD-739A9C40C1F3}"
EndProject
Project("{FAE04EC0-301F-11D3-BF4B-00C04F79EFBC}") = "Pattern06_Facade", "Pattern06_Facade\Pattern06_Facade.csproj", "{2D5EA141-165D-425A-9E78-1E8482EE8151}"
EndProject
Project("{FAE04EC0-301F-11D3-BF4B-00C04F79EFBC}") = "Real06_Facade", "Real06_Facade\Real06_Facade.csproj", "{ED017FDB-9013-470A-A736-2D790FAC3C51}"
EndProject
Project("{FAE04EC0-301F-11D3-BF4B-00C04F79EFBC}") = "MyReal06_Facade", "MyReal06_Facade\MyReal06_Facade.csproj", "{3D32FB0D-8AB8-4E22-83A1-BC16043CADC4}"
EndProject
Project("{2150E333-8FDC-42A3-9474-1A3956D46DE8}") = "Decorator", "Decorator", "{8ABC8D12-BCAE-4733-A875-A714D96B47F1}"
EndProject
Project("{FAE04EC0-301F-11D3-BF4B-00C04F79EFBC}") = "Pattern07_Decorator", "Pattern07_Decorator\Pattern07_Decorator.csproj", "{2F65CB5C-E250-479C-8676-A72F9B7C86A2}"
EndProject
Project("{FAE04EC0-301F-11D3-BF4B-00C04F79EFBC}") = "MyReal07_Decorator", "MyReal07_Decorator\MyReal07_Decorator.csproj", "{315166AA-36CB-4484-BB9C-B5A1DEE2AA3B}"
EndProject
Project("{FAE04EC0-301F-11D3-BF4B-00C04F79EFBC}") = "Real07_Decorator", "Real07_Decorator\Real07_Decorator.csproj", "{F69F643B-F168-433D-B5E3-A9F0F4671C62}"
EndProject
Project("{2150E333-8FDC-42A3-9474-1A3956D46DE8}") = "Composite", "Composite", "{362D30E7-0DEF-4FE2-B0F1-D23CA6506495}"
EndProject
Project("{FAE04EC0-301F-11D3-BF4B-00C04F79EFBC}") = "Pattern08_Composite", "Pattern08_Composite\Pattern08_Composite.csproj", "{2483A1B2-59C3-48AB-A17A-C4B891AD990D}"
EndProject
Project("{FAE04EC0-301F-11D3-BF4B-00C04F79EFBC}") = "Real08_Composite", "Real08_Composite\Real08_Composite.csproj", "{3B8BA979-C85E-44DB-A9D8-65C570226B8B}"
EndProject
Project("{FAE04EC0-301F-11D3-BF4B-00C04F79EFBC}") = "MyReal08_Composite", "MyReal08_Composite\MyReal08_Composite.csproj", "{D0CBA165-2F68-4405-B935-693F8FC5234E}"
EndProject
Project("{2150E333-8FDC-42A3-9474-1A3956D46DE8}") = "Bridge", "Bridge", "{5897F7AE-1DB2-4C52-A0C0-F6D479385D4E}"
EndProject
Project("{FAE04EC0-301F-11D3-BF4B-00C04F79EFBC}") = "Pattern09_Bridge", "Pattern09_Bridge\Pattern09_Bridge.csproj", "{09201204-39A4-4644-9D07-7B156AD00566}"
EndProject
Project("{FAE04EC0-301F-11D3-BF4B-00C04F79EFBC}") = "Real09_Bridge", "Real09_Bridge\Real09_Bridge.csproj", "{6A421604-5521-4AB5-B0D9-4A26FB60D7DF}"
EndProject
Project("{FAE04EC0-301F-11D3-BF4B-00C04F79EFBC}") = "MyReal09_Bridge", "MyReal09_Bridge\MyReal09_Bridge.csproj", "{2504BC42-FF5A-4E6E-94EF-127F6D6D48CD}"
EndProject
Project("{2150E333-8FDC-42A3-9474-1A3956D46DE8}") = "Adapter", "Adapter", "{C50AEA8D-2AF4-4B70-A652-1383E6B5FAA4}"
EndProject
Project("{FAE04EC0-301F-11D3-BF4B-00C04F79EFBC}") = "Pattern10_Adapter", "Pattern10_Adapter\Pattern10_Adapter.csproj", "{323D81FD-E599-4BE2-BEA7-8845DFAE0670}"
EndProject
Project("{FAE04EC0-301F-11D3-BF4B-00C04F79EFBC}") = "Real10_Adapter", "Real10_Adapter\Real10_Adapter.csproj", "{D98ACF61-3707-4BBA-9442-2B62E2EB27B4}"
EndProject
Project("{FAE04EC0-301F-11D3-BF4B-00C04F79EFBC}") = "MyReal10_Adapter", "MyReal10_Adapter\MyReal10_Adapter.csproj", "{D4F74605-191F-4E6F-BC45-8B0D234EE8B7}"
EndProject
Global
	GlobalSection(SolutionConfigurationPlatforms) = preSolution
		Debug|Any CPU = Debug|Any CPU
		Release|Any CPU = Release|Any CPU
	EndGlobalSection
	GlobalSection(ProjectConfigurationPlatforms) = postSolution
		{F6133F6B-199F-42AF-9899-F04903CD39C4}.Debug|Any CPU.ActiveCfg = Debug|Any CPU
		{F6133F6B-199F-42AF-9899-F04903CD39C4}.Debug|Any CPU.Build.0 = Debug|Any CPU
		{F6133F6B-199F-42AF-9899-F04903CD39C4}.Release|Any CPU.ActiveCfg = Release|Any CPU
		{F6133F6B-199F-42AF-9899-F04903CD39C4}.Release|Any CPU.Build.0 = Release|Any CPU
		{F33054BC-6982-4D03-A22C-CB530FD40B62}.Debug|Any CPU.ActiveCfg = Debug|Any CPU
		{F33054BC-6982-4D03-A22C-CB530FD40B62}.Debug|Any CPU.Build.0 = Debug|Any CPU
		{F33054BC-6982-4D03-A22C-CB530FD40B62}.Release|Any CPU.ActiveCfg = Release|Any CPU
		{F33054BC-6982-4D03-A22C-CB530FD40B62}.Release|Any CPU.Build.0 = Release|Any CPU
		{EF3A3359-AF82-40AD-BBA1-0657082A5B24}.Debug|Any CPU.ActiveCfg = Debug|Any CPU
		{EF3A3359-AF82-40AD-BBA1-0657082A5B24}.Debug|Any CPU.Build.0 = Debug|Any CPU
		{EF3A3359-AF82-40AD-BBA1-0657082A5B24}.Release|Any CPU.ActiveCfg = Release|Any CPU
		{EF3A3359-AF82-40AD-BBA1-0657082A5B24}.Release|Any CPU.Build.0 = Release|Any CPU
		{1D33B045-A0B5-4571-8640-F45995E44387}.Debug|Any CPU.ActiveCfg = Debug|Any CPU
		{1D33B045-A0B5-4571-8640-F45995E44387}.Debug|Any CPU.Build.0 = Debug|Any CPU
		{1D33B045-A0B5-4571-8640-F45995E44387}.Release|Any CPU.ActiveCfg = Release|Any CPU
		{1D33B045-A0B5-4571-8640-F45995E44387}.Release|Any CPU.Build.0 = Release|Any CPU
		{80800021-91DB-40DF-9D56-107182D679EE}.Debug|Any CPU.ActiveCfg = Debug|Any CPU
		{80800021-91DB-40DF-9D56-107182D679EE}.Debug|Any CPU.Build.0 = Debug|Any CPU
		{80800021-91DB-40DF-9D56-107182D679EE}.Release|Any CPU.ActiveCfg = Release|Any CPU
		{80800021-91DB-40DF-9D56-107182D679EE}.Release|Any CPU.Build.0 = Release|Any CPU
		{14B81615-3406-4200-8C4F-FD0CB745DA79}.Debug|Any CPU.ActiveCfg = Debug|Any CPU
		{14B81615-3406-4200-8C4F-FD0CB745DA79}.Debug|Any CPU.Build.0 = Debug|Any CPU
		{14B81615-3406-4200-8C4F-FD0CB745DA79}.Release|Any CPU.ActiveCfg = Release|Any CPU
		{14B81615-3406-4200-8C4F-FD0CB745DA79}.Release|Any CPU.Build.0 = Release|Any CPU
		{99BB299B-B0E8-42CC-A2D9-EB60FB07CCE2}.Debug|Any CPU.ActiveCfg = Debug|Any CPU
		{99BB299B-B0E8-42CC-A2D9-EB60FB07CCE2}.Debug|Any CPU.Build.0 = Debug|Any CPU
		{99BB299B-B0E8-42CC-A2D9-EB60FB07CCE2}.Release|Any CPU.ActiveCfg = Release|Any CPU
		{99BB299B-B0E8-42CC-A2D9-EB60FB07CCE2}.Release|Any CPU.Build.0 = Release|Any CPU
		{E49A57B9-7427-47AD-91C7-C799F932F7AB}.Debug|Any CPU.ActiveCfg = Debug|Any CPU
		{E49A57B9-7427-47AD-91C7-C799F932F7AB}.Debug|Any CPU.Build.0 = Debug|Any CPU
		{E49A57B9-7427-47AD-91C7-C799F932F7AB}.Release|Any CPU.ActiveCfg = Release|Any CPU
		{E49A57B9-7427-47AD-91C7-C799F932F7AB}.Release|Any CPU.Build.0 = Release|Any CPU
		{93ACB26E-1B97-4E2C-9777-FC44F4D3FFE0}.Debug|Any CPU.ActiveCfg = Debug|Any CPU
		{93ACB26E-1B97-4E2C-9777-FC44F4D3FFE0}.Debug|Any CPU.Build.0 = Debug|Any CPU
		{93ACB26E-1B97-4E2C-9777-FC44F4D3FFE0}.Release|Any CPU.ActiveCfg = Release|Any CPU
		{93ACB26E-1B97-4E2C-9777-FC44F4D3FFE0}.Release|Any CPU.Build.0 = Release|Any CPU
		{E7AC3BCA-4609-42F8-B1DA-BC6FF175D9B3}.Debug|Any CPU.ActiveCfg = Debug|Any CPU
		{E7AC3BCA-4609-42F8-B1DA-BC6FF175D9B3}.Debug|Any CPU.Build.0 = Debug|Any CPU
		{E7AC3BCA-4609-42F8-B1DA-BC6FF175D9B3}.Release|Any CPU.ActiveCfg = Release|Any CPU
		{E7AC3BCA-4609-42F8-B1DA-BC6FF175D9B3}.Release|Any CPU.Build.0 = Release|Any CPU
		{6CE94272-795F-4250-9202-CBAD77B10923}.Debug|Any CPU.ActiveCfg = Debug|Any CPU
		{6CE94272-795F-4250-9202-CBAD77B10923}.Debug|Any CPU.Build.0 = Debug|Any CPU
		{6CE94272-795F-4250-9202-CBAD77B10923}.Release|Any CPU.ActiveCfg = Release|Any CPU
		{6CE94272-795F-4250-9202-CBAD77B10923}.Release|Any CPU.Build.0 = Release|Any CPU
		{CEC5C366-303A-4613-ADF0-9F808A662EC3}.Debug|Any CPU.ActiveCfg = Debug|Any CPU
		{CEC5C366-303A-4613-ADF0-9F808A662EC3}.Debug|Any CPU.Build.0 = Debug|Any CPU
		{CEC5C366-303A-4613-ADF0-9F808A662EC3}.Release|Any CPU.ActiveCfg = Release|Any CPU
		{CEC5C366-303A-4613-ADF0-9F808A662EC3}.Release|Any CPU.Build.0 = Release|Any CPU
		{E3187DA8-6180-4779-BF4B-C42C277EEE79}.Debug|Any CPU.ActiveCfg = Debug|Any CPU
		{E3187DA8-6180-4779-BF4B-C42C277EEE79}.Debug|Any CPU.Build.0 = Debug|Any CPU
		{E3187DA8-6180-4779-BF4B-C42C277EEE79}.Release|Any CPU.ActiveCfg = Release|Any CPU
		{E3187DA8-6180-4779-BF4B-C42C277EEE79}.Release|Any CPU.Build.0 = Release|Any CPU
		{76F9D1CD-D182-4C67-90E1-EA8FCB226F1E}.Debug|Any CPU.ActiveCfg = Debug|Any CPU
		{76F9D1CD-D182-4C67-90E1-EA8FCB226F1E}.Debug|Any CPU.Build.0 = Debug|Any CPU
		{76F9D1CD-D182-4C67-90E1-EA8FCB226F1E}.Release|Any CPU.ActiveCfg = Release|Any CPU
		{76F9D1CD-D182-4C67-90E1-EA8FCB226F1E}.Release|Any CPU.Build.0 = Release|Any CPU
		{69EF83AE-113C-4455-8152-0786F52F79BE}.Debug|Any CPU.ActiveCfg = Debug|Any CPU
		{69EF83AE-113C-4455-8152-0786F52F79BE}.Debug|Any CPU.Build.0 = Debug|Any CPU
		{69EF83AE-113C-4455-8152-0786F52F79BE}.Release|Any CPU.ActiveCfg = Release|Any CPU
		{69EF83AE-113C-4455-8152-0786F52F79BE}.Release|Any CPU.Build.0 = Release|Any CPU
		{2D5EA141-165D-425A-9E78-1E8482EE8151}.Debug|Any CPU.ActiveCfg = Debug|Any CPU
		{2D5EA141-165D-425A-9E78-1E8482EE8151}.Debug|Any CPU.Build.0 = Debug|Any CPU
		{2D5EA141-165D-425A-9E78-1E8482EE8151}.Release|Any CPU.ActiveCfg = Release|Any CPU
		{2D5EA141-165D-425A-9E78-1E8482EE8151}.Release|Any CPU.Build.0 = Release|Any CPU
		{ED017FDB-9013-470A-A736-2D790FAC3C51}.Debug|Any CPU.ActiveCfg = Debug|Any CPU
		{ED017FDB-9013-470A-A736-2D790FAC3C51}.Debug|Any CPU.Build.0 = Debug|Any CPU
		{ED017FDB-9013-470A-A736-2D790FAC3C51}.Release|Any CPU.ActiveCfg = Release|Any CPU
		{ED017FDB-9013-470A-A736-2D790FAC3C51}.Release|Any CPU.Build.0 = Release|Any CPU
		{3D32FB0D-8AB8-4E22-83A1-BC16043CADC4}.Debug|Any CPU.ActiveCfg = Debug|Any CPU
		{3D32FB0D-8AB8-4E22-83A1-BC16043CADC4}.Debug|Any CPU.Build.0 = Debug|Any CPU
		{3D32FB0D-8AB8-4E22-83A1-BC16043CADC4}.Release|Any CPU.ActiveCfg = Release|Any CPU
		{3D32FB0D-8AB8-4E22-83A1-BC16043CADC4}.Release|Any CPU.Build.0 = Release|Any CPU
		{2F65CB5C-E250-479C-8676-A72F9B7C86A2}.Debug|Any CPU.ActiveCfg = Debug|Any CPU
		{2F65CB5C-E250-479C-8676-A72F9B7C86A2}.Debug|Any CPU.Build.0 = Debug|Any CPU
		{2F65CB5C-E250-479C-8676-A72F9B7C86A2}.Release|Any CPU.ActiveCfg = Release|Any CPU
		{2F65CB5C-E250-479C-8676-A72F9B7C86A2}.Release|Any CPU.Build.0 = Release|Any CPU
		{315166AA-36CB-4484-BB9C-B5A1DEE2AA3B}.Debug|Any CPU.ActiveCfg = Debug|Any CPU
		{315166AA-36CB-4484-BB9C-B5A1DEE2AA3B}.Debug|Any CPU.Build.0 = Debug|Any CPU
		{315166AA-36CB-4484-BB9C-B5A1DEE2AA3B}.Release|Any CPU.ActiveCfg = Release|Any CPU
		{315166AA-36CB-4484-BB9C-B5A1DEE2AA3B}.Release|Any CPU.Build.0 = Release|Any CPU
		{F69F643B-F168-433D-B5E3-A9F0F4671C62}.Debug|Any CPU.ActiveCfg = Debug|Any CPU
		{F69F643B-F168-433D-B5E3-A9F0F4671C62}.Debug|Any CPU.Build.0 = Debug|Any CPU
		{F69F643B-F168-433D-B5E3-A9F0F4671C62}.Release|Any CPU.ActiveCfg = Release|Any CPU
		{F69F643B-F168-433D-B5E3-A9F0F4671C62}.Release|Any CPU.Build.0 = Release|Any CPU
		{2483A1B2-59C3-48AB-A17A-C4B891AD990D}.Debug|Any CPU.ActiveCfg = Debug|Any CPU
		{2483A1B2-59C3-48AB-A17A-C4B891AD990D}.Debug|Any CPU.Build.0 = Debug|Any CPU
		{2483A1B2-59C3-48AB-A17A-C4B891AD990D}.Release|Any CPU.ActiveCfg = Release|Any CPU
		{2483A1B2-59C3-48AB-A17A-C4B891AD990D}.Release|Any CPU.Build.0 = Release|Any CPU
		{3B8BA979-C85E-44DB-A9D8-65C570226B8B}.Debug|Any CPU.ActiveCfg = Debug|Any CPU
		{3B8BA979-C85E-44DB-A9D8-65C570226B8B}.Debug|Any CPU.Build.0 = Debug|Any CPU
		{3B8BA979-C85E-44DB-A9D8-65C570226B8B}.Release|Any CPU.ActiveCfg = Release|Any CPU
		{3B8BA979-C85E-44DB-A9D8-65C570226B8B}.Release|Any CPU.Build.0 = Release|Any CPU
		{D0CBA165-2F68-4405-B935-693F8FC5234E}.Debug|Any CPU.ActiveCfg = Debug|Any CPU
		{D0CBA165-2F68-4405-B935-693F8FC5234E}.Debug|Any CPU.Build.0 = Debug|Any CPU
		{D0CBA165-2F68-4405-B935-693F8FC5234E}.Release|Any CPU.ActiveCfg = Release|Any CPU
		{D0CBA165-2F68-4405-B935-693F8FC5234E}.Release|Any CPU.Build.0 = Release|Any CPU
		{09201204-39A4-4644-9D07-7B156AD00566}.Debug|Any CPU.ActiveCfg = Debug|Any CPU
		{09201204-39A4-4644-9D07-7B156AD00566}.Debug|Any CPU.Build.0 = Debug|Any CPU
		{09201204-39A4-4644-9D07-7B156AD00566}.Release|Any CPU.ActiveCfg = Release|Any CPU
		{09201204-39A4-4644-9D07-7B156AD00566}.Release|Any CPU.Build.0 = Release|Any CPU
		{6A421604-5521-4AB5-B0D9-4A26FB60D7DF}.Debug|Any CPU.ActiveCfg = Debug|Any CPU
		{6A421604-5521-4AB5-B0D9-4A26FB60D7DF}.Debug|Any CPU.Build.0 = Debug|Any CPU
		{6A421604-5521-4AB5-B0D9-4A26FB60D7DF}.Release|Any CPU.ActiveCfg = Release|Any CPU
		{6A421604-5521-4AB5-B0D9-4A26FB60D7DF}.Release|Any CPU.Build.0 = Release|Any CPU
		{2504BC42-FF5A-4E6E-94EF-127F6D6D48CD}.Debug|Any CPU.ActiveCfg = Debug|Any CPU
		{2504BC42-FF5A-4E6E-94EF-127F6D6D48CD}.Debug|Any CPU.Build.0 = Debug|Any CPU
		{2504BC42-FF5A-4E6E-94EF-127F6D6D48CD}.Release|Any CPU.ActiveCfg = Release|Any CPU
		{2504BC42-FF5A-4E6E-94EF-127F6D6D48CD}.Release|Any CPU.Build.0 = Release|Any CPU
		{323D81FD-E599-4BE2-BEA7-8845DFAE0670}.Debug|Any CPU.ActiveCfg = Debug|Any CPU
		{323D81FD-E599-4BE2-BEA7-8845DFAE0670}.Debug|Any CPU.Build.0 = Debug|Any CPU
		{323D81FD-E599-4BE2-BEA7-8845DFAE0670}.Release|Any CPU.ActiveCfg = Release|Any CPU
		{323D81FD-E599-4BE2-BEA7-8845DFAE0670}.Release|Any CPU.Build.0 = Release|Any CPU
		{D98ACF61-3707-4BBA-9442-2B62E2EB27B4}.Debug|Any CPU.ActiveCfg = Debug|Any CPU
		{D98ACF61-3707-4BBA-9442-2B62E2EB27B4}.Debug|Any CPU.Build.0 = Debug|Any CPU
		{D98ACF61-3707-4BBA-9442-2B62E2EB27B4}.Release|Any CPU.ActiveCfg = Release|Any CPU
		{D98ACF61-3707-4BBA-9442-2B62E2EB27B4}.Release|Any CPU.Build.0 = Release|Any CPU
		{D4F74605-191F-4E6F-BC45-8B0D234EE8B7}.Debug|Any CPU.ActiveCfg = Debug|Any CPU
		{D4F74605-191F-4E6F-BC45-8B0D234EE8B7}.Debug|Any CPU.Build.0 = Debug|Any CPU
		{D4F74605-191F-4E6F-BC45-8B0D234EE8B7}.Release|Any CPU.ActiveCfg = Release|Any CPU
		{D4F74605-191F-4E6F-BC45-8B0D234EE8B7}.Release|Any CPU.Build.0 = Release|Any CPU
	EndGlobalSection
	GlobalSection(SolutionProperties) = preSolution
		HideSolutionNode = FALSE
	EndGlobalSection
	GlobalSection(NestedProjects) = preSolution
		{F6133F6B-199F-42AF-9899-F04903CD39C4} = {02EA681E-C7D8-13C7-8484-4AC65E1B71E8}
		{F33054BC-6982-4D03-A22C-CB530FD40B62} = {02EA681E-C7D8-13C7-8484-4AC65E1B71E8}
		{EF3A3359-AF82-40AD-BBA1-0657082A5B24} = {F359EC6C-7AC7-4A71-9544-AA3841D35335}
		{1D33B045-A0B5-4571-8640-F45995E44387} = {F359EC6C-7AC7-4A71-9544-AA3841D35335}
		{80800021-91DB-40DF-9D56-107182D679EE} = {8032B92F-2FE8-48CC-821A-ADDE8F659B38}
		{14B81615-3406-4200-8C4F-FD0CB745DA79} = {8032B92F-2FE8-48CC-821A-ADDE8F659B38}
		{99BB299B-B0E8-42CC-A2D9-EB60FB07CCE2} = {2D5EC5C3-8868-4D4E-BA61-A3EE55466DA8}
		{E49A57B9-7427-47AD-91C7-C799F932F7AB} = {2D5EC5C3-8868-4D4E-BA61-A3EE55466DA8}
		{93ACB26E-1B97-4E2C-9777-FC44F4D3FFE0} = {4D46E9CD-CE07-47AB-94EE-42E23B78EFF3}
		{E7AC3BCA-4609-42F8-B1DA-BC6FF175D9B3} = {4D46E9CD-CE07-47AB-94EE-42E23B78EFF3}
		{6CE94272-795F-4250-9202-CBAD77B10923} = {02EA681E-C7D8-13C7-8484-4AC65E1B71E8}
		{CEC5C366-303A-4613-ADF0-9F808A662EC3} = {8032B92F-2FE8-48CC-821A-ADDE8F659B38}
		{E3187DA8-6180-4779-BF4B-C42C277EEE79} = {F359EC6C-7AC7-4A71-9544-AA3841D35335}
		{76F9D1CD-D182-4C67-90E1-EA8FCB226F1E} = {2D5EC5C3-8868-4D4E-BA61-A3EE55466DA8}
		{69EF83AE-113C-4455-8152-0786F52F79BE} = {4D46E9CD-CE07-47AB-94EE-42E23B78EFF3}
		{2D5EA141-165D-425A-9E78-1E8482EE8151} = {003A9CD7-A9D4-48D8-9CAD-739A9C40C1F3}
		{ED017FDB-9013-470A-A736-2D790FAC3C51} = {003A9CD7-A9D4-48D8-9CAD-739A9C40C1F3}
		{3D32FB0D-8AB8-4E22-83A1-BC16043CADC4} = {003A9CD7-A9D4-48D8-9CAD-739A9C40C1F3}
		{2F65CB5C-E250-479C-8676-A72F9B7C86A2} = {8ABC8D12-BCAE-4733-A875-A714D96B47F1}
		{315166AA-36CB-4484-BB9C-B5A1DEE2AA3B} = {8ABC8D12-BCAE-4733-A875-A714D96B47F1}
		{F69F643B-F168-433D-B5E3-A9F0F4671C62} = {8ABC8D12-BCAE-4733-A875-A714D96B47F1}
		{2483A1B2-59C3-48AB-A17A-C4B891AD990D} = {362D30E7-0DEF-4FE2-B0F1-D23CA6506495}
		{3B8BA979-C85E-44DB-A9D8-65C570226B8B} = {362D30E7-0DEF-4FE2-B0F1-D23CA6506495}
		{D0CBA165-2F68-4405-B935-693F8FC5234E} = {362D30E7-0DEF-4FE2-B0F1-D23CA6506495}
		{09201204-39A4-4644-9D07-7B156AD00566} = {5897F7AE-1DB2-4C52-A0C0-F6D479385D4E}
		{6A421604-5521-4AB5-B0D9-4A26FB60D7DF} = {5897F7AE-1DB2-4C52-A0C0-F6D479385D4E}
		{2504BC42-FF5A-4E6E-94EF-127F6D6D48CD} = {5897F7AE-1DB2-4C52-A0C0-F6D479385D4E}
		{323D81FD-E599-4BE2-BEA7-8845DFAE0670} = {C50AEA8D-2AF4-4B70-A652-1383E6B5FAA4}
		{D98ACF61-3707-4BBA-9442-2B62E2EB27B4} = {C50AEA8D-2AF4-4B70-A652-1383E6B5FAA4}
		{D4F74605-191F-4E6F-BC45-8B0D234EE8B7} = {C50AEA8D-2AF4-4B70-A652-1383E6B5FAA4}
	EndGlobalSection
	GlobalSection(ExtensibilityGlobals) = postSolution
		SolutionGuid = {F8885FBF-2FE4-4FCA-A4B0-7B8D6F4D941E}
	EndGlobalSection
EndGlobal
